
Microsoft Visual Studio Solution File, Format Version 12.00
# Visual Studio Version 17
VisualStudioVersion = 17.5.002.0
MinimumVisualStudioVersion = 10.0.40219.1
Project("{9A19103F-16F7-4668-BE54-9A1E7A4F7556}") = "task15", "task15.csproj", "{08A532A5-B328-4389-8CE6-6BA8D88AADA5}"
EndProject
Global
	GlobalSection(SolutionConfigurationPlatforms) = preSolution
		Debug|Any CPU = Debug|Any CPU
		Release|Any CPU = Release|Any CPU
	EndGlobalSection
	GlobalSection(ProjectConfigurationPlatforms) = postSolution
		{08A532A5-B328-4389-8CE6-6BA8D88AADA5}.Debug|Any CPU.ActiveCfg = Debug|Any CPU
		{08A532A5-B328-4389-8CE6-6BA8D88AADA5}.Debug|Any CPU.Build.0 = Debug|Any CPU
		{08A532A5-B328-4389-8CE6-6BA8D88AADA5}.Release|Any CPU.ActiveCfg = Release|Any CPU
		{08A532A5-B328-4389-8CE6-6BA8D88AADA5}.Release|Any CPU.Build.0 = Release|Any CPU
	EndGlobalSection
	GlobalSection(SolutionProperties) = preSolution
		HideSolutionNode = FALSE
	EndGlobalSection
	GlobalSection(ExtensibilityGlobals) = postSolution
		SolutionGuid = {0949E699-4D49-408C-BE71-038F5AE5C8EA}
	EndGlobalSection
EndGlobal
